
Microsoft Visual Studio Solution File, Format Version 12.00
# Visual Studio 15
VisualStudioVersion = 15.0.27703.2018
MinimumVisualStudioVersion = 10.0.40219.1
Project("{FAE04EC0-301F-11D3-BF4B-00C04F79EFBC}") = "SpellChecker", "SpellChecker\SpellChecker.csproj", "{E38C435C-5368-49B0-A2F1-3AA47F59AB01}"
EndProject
Global
	GlobalSection(SolutionConfigurationPlatforms) = preSolution
		Debug|Any CPU = Debug|Any CPU
		Release|Any CPU = Release|Any CPU
	EndGlobalSection
	GlobalSection(ProjectConfigurationPlatforms) = postSolution
		{E38C435C-5368-49B0-A2F1-3AA47F59AB01}.Debug|Any CPU.ActiveCfg = Debug|Any CPU
		{E38C435C-5368-49B0-A2F1-3AA47F59AB01}.Debug|Any CPU.Build.0 = Debug|Any CPU
		{E38C435C-5368-49B0-A2F1-3AA47F59AB01}.Release|Any CPU.ActiveCfg = Release|Any CPU
		{E38C435C-5368-49B0-A2F1-3AA47F59AB01}.Release|Any CPU.Build.0 = Release|Any CPU
	EndGlobalSection
	GlobalSection(SolutionProperties) = preSolution
		HideSolutionNode = FALSE
	EndGlobalSection
	GlobalSection(ExtensibilityGlobals) = postSolution
		SolutionGuid = {FFC90093-9B01-4C74-A911-395E785C7565}
	EndGlobalSection
EndGlobal
